
Microsoft Visual Studio Solution File, Format Version 12.00
# Visual Studio 15
VisualStudioVersion = 15.0.28307.168
MinimumVisualStudioVersion = 10.0.40219.1
Project("{E24C65DC-7377-472B-9ABA-BC803B73C61A}") = "WebSitesampleslider", "WebSitesampleslider", "{FA030C09-AC66-46FC-8876-F05B981B3934}"
	ProjectSection(WebsiteProperties) = preProject
		TargetFrameworkMoniker = ".NETFramework,Version%3Dv4.6.1"
		Debug.AspNetCompiler.VirtualPath = "/localhost_36237"
		Debug.AspNetCompiler.PhysicalPath = "WebSitesampleslider\"
		Debug.AspNetCompiler.TargetPath = "PrecompiledWeb\localhost_36237\"
		Debug.AspNetCompiler.Updateable = "true"
		Debug.AspNetCompiler.ForceOverwrite = "true"
		Debug.AspNetCompiler.FixedNames = "false"
		Debug.AspNetCompiler.Debug = "True"
		Release.AspNetCompiler.VirtualPath = "/localhost_36237"
		Release.AspNetCompiler.PhysicalPath = "WebSitesampleslider\"
		Release.AspNetCompiler.TargetPath = "PrecompiledWeb\localhost_36237\"
		Release.AspNetCompiler.Updateable = "true"
		Release.AspNetCompiler.ForceOverwrite = "true"
		Release.AspNetCompiler.FixedNames = "false"
		Release.AspNetCompiler.Debug = "False"
		VWDPort = "36237"
		SlnRelativePath = "WebSitesampleslider\"
		DefaultWebSiteLanguage = "Visual C#"
	EndProjectSection
EndProject
Global
	GlobalSection(SolutionConfigurationPlatforms) = preSolution
		Debug|Any CPU = Debug|Any CPU
	EndGlobalSection
	GlobalSection(ProjectConfigurationPlatforms) = postSolution
		{FA030C09-AC66-46FC-8876-F05B981B3934}.Debug|Any CPU.ActiveCfg = Debug|Any CPU
		{FA030C09-AC66-46FC-8876-F05B981B3934}.Debug|Any CPU.Build.0 = Debug|Any CPU
	EndGlobalSection
	GlobalSection(SolutionProperties) = preSolution
		HideSolutionNode = FALSE
	EndGlobalSection
	GlobalSection(ExtensibilityGlobals) = postSolution
		SolutionGuid = {CB763BB6-1A89-4FDA-AA8E-6F4C5E6D4068}
	EndGlobalSection
EndGlobal
